
Microsoft Visual Studio Solution File, Format Version 12.00
# Visual Studio Version 17
VisualStudioVersion = 17.3.32825.248
MinimumVisualStudioVersion = 10.0.40219.1
Project("{FAE04EC0-301F-11D3-BF4B-00C04F79EFBC}") = "metody", "metody.csproj", "{90EA4811-7D7D-4039-BE35-950F7F3C7416}"
EndProject
Global
	GlobalSection(SolutionConfigurationPlatforms) = preSolution
		Debug|Any CPU = Debug|Any CPU
		Release|Any CPU = Release|Any CPU
	EndGlobalSection
	GlobalSection(ProjectConfigurationPlatforms) = postSolution
		{90EA4811-7D7D-4039-BE35-950F7F3C7416}.Debug|Any CPU.ActiveCfg = Debug|Any CPU
		{90EA4811-7D7D-4039-BE35-950F7F3C7416}.Debug|Any CPU.Build.0 = Debug|Any CPU
		{90EA4811-7D7D-4039-BE35-950F7F3C7416}.Release|Any CPU.ActiveCfg = Release|Any CPU
		{90EA4811-7D7D-4039-BE35-950F7F3C7416}.Release|Any CPU.Build.0 = Release|Any CPU
	EndGlobalSection
	GlobalSection(SolutionProperties) = preSolution
		HideSolutionNode = FALSE
	EndGlobalSection
	GlobalSection(ExtensibilityGlobals) = postSolution
		SolutionGuid = {B847FD1B-898A-48C6-A3E4-97A5F9580DAB}
	EndGlobalSection
EndGlobal
